
Microsoft Visual Studio Solution File, Format Version 12.00
# Visual Studio Version 16
VisualStudioVersion = 16.0.30804.86
MinimumVisualStudioVersion = 10.0.40219.1
Project("{FAE04EC0-301F-11D3-BF4B-00C04F79EFBC}") = "SampleAPIProject", "SampleAPIProject\SampleAPIProject.csproj", "{B9C0339F-908D-437C-84A2-79796499DCC7}"
EndProject
Global
	GlobalSection(SolutionConfigurationPlatforms) = preSolution
		Debug|Any CPU = Debug|Any CPU
		Release|Any CPU = Release|Any CPU
	EndGlobalSection
	GlobalSection(ProjectConfigurationPlatforms) = postSolution
		{B9C0339F-908D-437C-84A2-79796499DCC7}.Debug|Any CPU.ActiveCfg = Debug|Any CPU
		{B9C0339F-908D-437C-84A2-79796499DCC7}.Debug|Any CPU.Build.0 = Debug|Any CPU
		{B9C0339F-908D-437C-84A2-79796499DCC7}.Release|Any CPU.ActiveCfg = Release|Any CPU
		{B9C0339F-908D-437C-84A2-79796499DCC7}.Release|Any CPU.Build.0 = Release|Any CPU
	EndGlobalSection
	GlobalSection(SolutionProperties) = preSolution
		HideSolutionNode = FALSE
	EndGlobalSection
	GlobalSection(ExtensibilityGlobals) = postSolution
		SolutionGuid = {F2A2147E-F635-48AE-AA84-CAE80D7BF820}
	EndGlobalSection
EndGlobal
